{
  "originHash" : "f894aeeda6060d10ec42bb9d7c1ed72c6835ec8d723990b7dfa4f405060b2448",
  "pins" : [
    {
      "identity" : "dsl",
      "kind" : "remoteSourceControl",
      "location" : "https://github.com/leviouwendijk/DSL.git",
      "state" : {
        "branch" : "master",
        "revision" : "9efff74e61ff3679fce19f3cbf6df09c3bc23691"
      }
    },
    {
      "identity" : "primitives",
      "kind" : "remoteSourceControl",
      "location" : "https://github.com/leviouwendijk/Primitives.git",
      "state" : {
        "branch" : "master",
        "revision" : "7b53326bba4229c0b8c62529dfe0934f6ddedf6c"
      }
    },
    {
      "identity" : "schema",
      "kind" : "remoteSourceControl",
      "location" : "https://github.com/leviouwendijk/Schema.git",
      "state" : {
        "branch" : "master",
        "revision" : "6b8f45a73ab92ce083c4848bb520db6d99866a06"
      }
    }
  ],
  "version" : 3
}
