{
  "originHash" : "236afe61d74d6c076df48abfb8b23191b49712c629bb529f22539ec20b95ef09",
  "pins" : [
    {
      "identity" : "dsl",
      "kind" : "remoteSourceControl",
      "location" : "https://github.com/leviouwendijk/DSL.git",
      "state" : {
        "branch" : "master",
        "revision" : "9efff74e61ff3679fce19f3cbf6df09c3bc23691"
      }
    },
    {
      "identity" : "primitives",
      "kind" : "remoteSourceControl",
      "location" : "https://github.com/leviouwendijk/Primitives.git",
      "state" : {
        "branch" : "master",
        "revision" : "7b53326bba4229c0b8c62529dfe0934f6ddedf6c"
      }
    }
  ],
  "version" : 3
}
